
Microsoft Visual Studio Solution File, Format Version 12.00
# Visual Studio Version 16
VisualStudioVersion = 16.0.810.16
MinimumVisualStudioVersion = 10.0.40219.1
Project("{FAE04EC0-301F-11D3-BF4B-00C04F79EFBC}") = "MedicalAssurancePolicyData", "MedicalAssurancePolicyData\MedicalAssurancePolicyData.csproj", "{ED63AE1D-E2DB-45D2-95EC-6F053F93977B}"
EndProject
Global
	GlobalSection(SolutionConfigurationPlatforms) = preSolution
		Debug|Any CPU = Debug|Any CPU
		Release|Any CPU = Release|Any CPU
	EndGlobalSection
	GlobalSection(ProjectConfigurationPlatforms) = postSolution
		{ED63AE1D-E2DB-45D2-95EC-6F053F93977B}.Debug|Any CPU.ActiveCfg = Debug|Any CPU
		{ED63AE1D-E2DB-45D2-95EC-6F053F93977B}.Debug|Any CPU.Build.0 = Debug|Any CPU
		{ED63AE1D-E2DB-45D2-95EC-6F053F93977B}.Release|Any CPU.ActiveCfg = Release|Any CPU
		{ED63AE1D-E2DB-45D2-95EC-6F053F93977B}.Release|Any CPU.Build.0 = Release|Any CPU
	EndGlobalSection
	GlobalSection(SolutionProperties) = preSolution
		HideSolutionNode = FALSE
	EndGlobalSection
	GlobalSection(ExtensibilityGlobals) = postSolution
		SolutionGuid = {5128A1BB-FF98-4B8E-BD42-4624D3C42ED8}
	EndGlobalSection
EndGlobal
